// !$*UTF8*$!
{
	archiveVersion = 1;
	classes = {
	};
	objectVersion = 50;
	objects = {

/* Begin PBXBuildFile section */
		AB0733D527F9A8DE00DBCB27 /* LowestCommonAncestor.swift in Sources */ = {isa = PBXBuildFile; fileRef = AB0733D427F9A8DE00DBCB27 /* LowestCommonAncestor.swift */; };
		AB0733D727F9AAFC00DBCB27 /* InvertTree.swift in Sources */ = {isa = PBXBuildFile; fileRef = AB0733D627F9AAFC00DBCB27 /* InvertTree.swift */; };
		AB0733D927F9AC2200DBCB27 /* LowestCommonAncestorSearchTree.swift in Sources */ = {isa = PBXBuildFile; fileRef = AB0733D827F9AC2200DBCB27 /* LowestCommonAncestorSearchTree.swift */; };
		AB0733DB27F9CEB900DBCB27 /* IsAnagram.swift in Sources */ = {isa = PBXBuildFile; fileRef = AB0733DA27F9CEB900DBCB27 /* IsAnagram.swift */; };
		AB18FB6527F8676E00C507CD /* MyStack.swift in Sources */ = {isa = PBXBuildFile; fileRef = AB18FB6427F8676E00C507CD /* MyStack.swift */; };
		AB1A7C8927E980E600301468 /* TwoSum.swift in Sources */ = {isa = PBXBuildFile; fileRef = AB1A7C8827E980E600301468 /* TwoSum.swift */; };
		AB1A7C8C27E985F800301468 /* AddTwoNumbers.swift in Sources */ = {isa = PBXBuildFile; fileRef = AB1A7C8B27E985F800301468 /* AddTwoNumbers.swift */; };
		AB1A7C9227E9B56D00301468 /* Example2.swift in Sources */ = {isa = PBXBuildFile; fileRef = AB1A7C9027E9B56D00301468 /* Example2.swift */; };
		AB1A7C9327E9B56D00301468 /* Example1.swift in Sources */ = {isa = PBXBuildFile; fileRef = AB1A7C9127E9B56D00301468 /* Example1.swift */; };
		AB1A7C9527E9B57800301468 /* List.swift in Sources */ = {isa = PBXBuildFile; fileRef = AB1A7C9427E9B57700301468 /* List.swift */; };
		AB1A7C9727E9B6B700301468 /* LengthOfLongestSubstring.swift in Sources */ = {isa = PBXBuildFile; fileRef = AB1A7C9627E9B6B700301468 /* LengthOfLongestSubstring.swift */; };
		AB1A7CA227EB377800301468 /* ReverseList.swift in Sources */ = {isa = PBXBuildFile; fileRef = AB1A7CA127EB377800301468 /* ReverseList.swift */; };
		AB320F5727F15921000746A7 /* IsValid.swift in Sources */ = {isa = PBXBuildFile; fileRef = AB320F5627F15921000746A7 /* IsValid.swift */; };
		AB320F5A27F16A30000746A7 /* LongestCommonPrefix.swift in Sources */ = {isa = PBXBuildFile; fileRef = AB320F5927F16A30000746A7 /* LongestCommonPrefix.swift */; };
		AB320F5D27F16C45000746A7 /* String+Extension.swift in Sources */ = {isa = PBXBuildFile; fileRef = AB320F5C27F16C45000746A7 /* String+Extension.swift */; };
		AB320F5F27F16C8C000746A7 /* Dictionary+Extension.swift in Sources */ = {isa = PBXBuildFile; fileRef = AB320F5E27F16C8C000746A7 /* Dictionary+Extension.swift */; };
		AB320F6127F1A3AB000746A7 /* RemoveDuplicates.swift in Sources */ = {isa = PBXBuildFile; fileRef = AB320F6027F1A3AB000746A7 /* RemoveDuplicates.swift */; };
		AB4516EF27F85A0C00E84715 /* ContainsDuplicate.swift in Sources */ = {isa = PBXBuildFile; fileRef = AB4516EE27F85A0C00E84715 /* ContainsDuplicate.swift */; };
		AB4516F227F8615800E84715 /* ArrayQueue.swift in Sources */ = {isa = PBXBuildFile; fileRef = AB4516F127F8615800E84715 /* ArrayQueue.swift */; };
		AB5EEC3827FED81400D954B6 /* LongestPalindrome.swift in Sources */ = {isa = PBXBuildFile; fileRef = AB5EEC3727FED81400D954B6 /* LongestPalindrome.swift */; };
		AB5EEC3A27FEF7A400D954B6 /* MyAtoi.swift in Sources */ = {isa = PBXBuildFile; fileRef = AB5EEC3927FEF7A400D954B6 /* MyAtoi.swift */; };
		AB6C157A27F73B9E0075D733 /* PostorderTraversal.swift in Sources */ = {isa = PBXBuildFile; fileRef = AB6C157927F73B9E0075D733 /* PostorderTraversal.swift */; };
		AB6E177827EC52F200D42FDC /* HasCycle.swift in Sources */ = {isa = PBXBuildFile; fileRef = AB6E177727EC52F200D42FDC /* HasCycle.swift */; };
		AB6E177A27EC554E00D42FDC /* MergeTwoLists.swift in Sources */ = {isa = PBXBuildFile; fileRef = AB6E177927EC554E00D42FDC /* MergeTwoLists.swift */; };
		AB6E177C27EC5BA100D42FDC /* RemoveNthFromEnd.swift in Sources */ = {isa = PBXBuildFile; fileRef = AB6E177B27EC5BA100D42FDC /* RemoveNthFromEnd.swift */; };
		AB6E177E27EC6C5300D42FDC /* MiddleNode.swift in Sources */ = {isa = PBXBuildFile; fileRef = AB6E177D27EC6C5300D42FDC /* MiddleNode.swift */; };
		AB6E17C427EDBD0600D42FDC /* IsPalindrome.swift in Sources */ = {isa = PBXBuildFile; fileRef = AB6E17C327EDBD0600D42FDC /* IsPalindrome.swift */; };
		AB6E17C627EDC45D00D42FDC /* ReverseInt.swift in Sources */ = {isa = PBXBuildFile; fileRef = AB6E17C527EDC45D00D42FDC /* ReverseInt.swift */; };
		AB8023AE27F453AE00029F24 /* RemoveElement.swift in Sources */ = {isa = PBXBuildFile; fileRef = AB8023AD27F453AE00029F24 /* RemoveElement.swift */; };
		AB8023B027F45BD800029F24 /* LengthOfLastWord.swift in Sources */ = {isa = PBXBuildFile; fileRef = AB8023AF27F45BD800029F24 /* LengthOfLastWord.swift */; };
		AB8023B227F45FDD00029F24 /* PlusOne.swift in Sources */ = {isa = PBXBuildFile; fileRef = AB8023B127F45FDD00029F24 /* PlusOne.swift */; };
		AB8023B427F4669D00029F24 /* AddBinary.swift in Sources */ = {isa = PBXBuildFile; fileRef = AB8023B327F4669D00029F24 /* AddBinary.swift */; };
		AB8023B627F46AF400029F24 /* MySqrt.swift in Sources */ = {isa = PBXBuildFile; fileRef = AB8023B527F46AF400029F24 /* MySqrt.swift */; };
		AB8023B827F47EBD00029F24 /* ClimbStairs.swift in Sources */ = {isa = PBXBuildFile; fileRef = AB8023B727F47EBD00029F24 /* ClimbStairs.swift */; };
		AB8023BA27F483D700029F24 /* DeleteDuplicates.swift in Sources */ = {isa = PBXBuildFile; fileRef = AB8023B927F483D700029F24 /* DeleteDuplicates.swift */; };
		AB8023BC27F48ED300029F24 /* Merge.swift in Sources */ = {isa = PBXBuildFile; fileRef = AB8023BB27F48ED300029F24 /* Merge.swift */; };
		AB8023BF27F497BF00029F24 /* TreeNode.swift in Sources */ = {isa = PBXBuildFile; fileRef = AB8023BE27F497BF00029F24 /* TreeNode.swift */; };
		AB8023C127F498C600029F24 /* InorderTraversal.swift in Sources */ = {isa = PBXBuildFile; fileRef = AB8023C027F498C600029F24 /* InorderTraversal.swift */; };
		AB8023C327F4A03000029F24 /* Stack.swift in Sources */ = {isa = PBXBuildFile; fileRef = AB8023C227F4A03000029F24 /* Stack.swift */; };
		AB96A1D1282C963C006095EF /* MaxSubArray.swift in Sources */ = {isa = PBXBuildFile; fileRef = AB96A1D0282C963C006095EF /* MaxSubArray.swift */; };
		ABADA3AA283CEB58001EE5F8 /* MinSubArrayLen.swift in Sources */ = {isa = PBXBuildFile; fileRef = ABADA3A9283CEB58001EE5F8 /* MinSubArrayLen.swift */; };
		ABADA3AC283CF510001EE5F8 /* LongestOrderSubArr.swift in Sources */ = {isa = PBXBuildFile; fileRef = ABADA3AB283CF510001EE5F8 /* LongestOrderSubArr.swift */; };
		ABADA3AE283CF8FF001EE5F8 /* FindNumberIn2DArray.swift in Sources */ = {isa = PBXBuildFile; fileRef = ABADA3AD283CF8FF001EE5F8 /* FindNumberIn2DArray.swift */; };
		ABADA3B0283CFF09001EE5F8 /* ReplaceSpace.swift in Sources */ = {isa = PBXBuildFile; fileRef = ABADA3AF283CFF09001EE5F8 /* ReplaceSpace.swift */; };
		ABADA3B2283D05F7001EE5F8 /* ReversePrint.swift in Sources */ = {isa = PBXBuildFile; fileRef = ABADA3B1283D05F7001EE5F8 /* ReversePrint.swift */; };
		ABADA3B4283D06F1001EE5F8 /* BuildTree.swift in Sources */ = {isa = PBXBuildFile; fileRef = ABADA3B3283D06F1001EE5F8 /* BuildTree.swift */; };
		ABADA3B8283D2A46001EE5F8 /* ValidateStackSequences.swift in Sources */ = {isa = PBXBuildFile; fileRef = ABADA3B7283D2A46001EE5F8 /* ValidateStackSequences.swift */; };
		ABADA3BA283D30F1001EE5F8 /* LevelOrderII.swift in Sources */ = {isa = PBXBuildFile; fileRef = ABADA3B9283D30F1001EE5F8 /* LevelOrderII.swift */; };
		ABADA3BC283D35D5001EE5F8 /* MajorityElement.swift in Sources */ = {isa = PBXBuildFile; fileRef = ABADA3BB283D35D5001EE5F8 /* MajorityElement.swift */; };
		ABADA3BE283D3787001EE5F8 /* IsBalanced.swift in Sources */ = {isa = PBXBuildFile; fileRef = ABADA3BD283D3787001EE5F8 /* IsBalanced.swift */; };
		ABB4CF7127F83BC6005B80E9 /* IsSameTree.swift in Sources */ = {isa = PBXBuildFile; fileRef = ABB4CF7027F83BC6005B80E9 /* IsSameTree.swift */; };
		ABB4CF7327F83D6A005B80E9 /* IsSymmetric.swift in Sources */ = {isa = PBXBuildFile; fileRef = ABB4CF7227F83D6A005B80E9 /* IsSymmetric.swift */; };
		ABC638CD27F84AE700439050 /* MaxDepth.swift in Sources */ = {isa = PBXBuildFile; fileRef = ABC638CC27F84AE700439050 /* MaxDepth.swift */; };
		ABCB446027F54CFD00A04396 /* PreorderTraversal.swift in Sources */ = {isa = PBXBuildFile; fileRef = ABCB445F27F54CFD00A04396 /* PreorderTraversal.swift */; };
		ABCB446227F5574200A04396 /* ArrayStack.swift in Sources */ = {isa = PBXBuildFile; fileRef = ABCB446127F5574200A04396 /* ArrayStack.swift */; };
		ABD5CAC728300140004CBEF2 /* CountSubstrings.swift in Sources */ = {isa = PBXBuildFile; fileRef = ABD5CAC628300140004CBEF2 /* CountSubstrings.swift */; };
		ABD5CAC928300915004CBEF2 /* SumNums.swift in Sources */ = {isa = PBXBuildFile; fileRef = ABD5CAC828300915004CBEF2 /* SumNums.swift */; };
		ABD5CACB283136DD004CBEF2 /* ThousandSeparator.swift in Sources */ = {isa = PBXBuildFile; fileRef = ABD5CACA283136DD004CBEF2 /* ThousandSeparator.swift */; };
		ABD5CACD28313DF6004CBEF2 /* DetectCycle.swift in Sources */ = {isa = PBXBuildFile; fileRef = ABD5CACC28313DF6004CBEF2 /* DetectCycle.swift */; };
		ABD5CACF28314472004CBEF2 /* FindRepeatNumber.swift in Sources */ = {isa = PBXBuildFile; fileRef = ABD5CACE28314472004CBEF2 /* FindRepeatNumber.swift */; };
		ABD5CAD128314C44004CBEF2 /* MyQueue.swift in Sources */ = {isa = PBXBuildFile; fileRef = ABD5CAD028314C44004CBEF2 /* MyQueue.swift */; };
		ABD5CAD328315269004CBEF2 /* NumWays.swift in Sources */ = {isa = PBXBuildFile; fileRef = ABD5CAD228315269004CBEF2 /* NumWays.swift */; };
		ABD5CAD528315348004CBEF2 /* MinArray.swift in Sources */ = {isa = PBXBuildFile; fileRef = ABD5CAD428315348004CBEF2 /* MinArray.swift */; };
		ABD5CAD728315690004CBEF2 /* DeleteNode.swift in Sources */ = {isa = PBXBuildFile; fileRef = ABD5CAD628315690004CBEF2 /* DeleteNode.swift */; };
		ABD5CAD928315C6D004CBEF2 /* IsSubStructure.swift in Sources */ = {isa = PBXBuildFile; fileRef = ABD5CAD828315C6D004CBEF2 /* IsSubStructure.swift */; };
		ABD5CADB28315E8B004CBEF2 /* MirrorTree.swift in Sources */ = {isa = PBXBuildFile; fileRef = ABD5CADA28315E8B004CBEF2 /* MirrorTree.swift */; };
		ABD5CADD283163AE004CBEF2 /* LevelOrder.swift in Sources */ = {isa = PBXBuildFile; fileRef = ABD5CADC283163AE004CBEF2 /* LevelOrder.swift */; };
		ABD5CADF28316534004CBEF2 /* VerifyPostorder.swift in Sources */ = {isa = PBXBuildFile; fileRef = ABD5CADE28316534004CBEF2 /* VerifyPostorder.swift */; };
		ABD5CAE1283165D8004CBEF2 /* Permutation.swift in Sources */ = {isa = PBXBuildFile; fileRef = ABD5CAE0283165D8004CBEF2 /* Permutation.swift */; };
		ABD5CAE32831D30A004CBEF2 /* GetIntersectionNode.swift in Sources */ = {isa = PBXBuildFile; fileRef = ABD5CAE22831D30A004CBEF2 /* GetIntersectionNode.swift */; };
		ABD5CAE52831D8D2004CBEF2 /* MinNumber.swift in Sources */ = {isa = PBXBuildFile; fileRef = ABD5CAE42831D8D2004CBEF2 /* MinNumber.swift */; };
		ABD5CAE72831DDA2004CBEF2 /* NthUglyNumber.swift in Sources */ = {isa = PBXBuildFile; fileRef = ABD5CAE62831DDA2004CBEF2 /* NthUglyNumber.swift */; };
		ABD5CAE92831F09A004CBEF2 /* Trap.swift in Sources */ = {isa = PBXBuildFile; fileRef = ABD5CAE82831F09A004CBEF2 /* Trap.swift */; };
		ABF9C79927FFE91C00A7D606 /* ThreeSum.swift in Sources */ = {isa = PBXBuildFile; fileRef = ABF9C79827FFE91C00A7D606 /* ThreeSum.swift */; };
		ABFF214C271439BB000AF0E7 /* main.swift in Sources */ = {isa = PBXBuildFile; fileRef = ABFF214B271439BB000AF0E7 /* main.swift */; };
		ABFF215327144FF4000AF0E7 /* ListNode.swift in Sources */ = {isa = PBXBuildFile; fileRef = ABFF215227144FF4000AF0E7 /* ListNode.swift */; };
		ABFF2159271452B8000AF0E7 /* Easy.swift in Sources */ = {isa = PBXBuildFile; fileRef = ABFF2158271452B8000AF0E7 /* Easy.swift */; };
/* End PBXBuildFile section */

/* Begin PBXCopyFilesBuildPhase section */
		ABFF2146271439BB000AF0E7 /* CopyFiles */ = {
			isa = PBXCopyFilesBuildPhase;
			buildActionMask = 2147483647;
			dstPath = /usr/share/man/man1/;
			dstSubfolderSpec = 0;
			files = (
			);
			runOnlyForDeploymentPostprocessing = 1;
		};
/* End PBXCopyFilesBuildPhase section */

/* Begin PBXFileReference section */
		AB0733D427F9A8DE00DBCB27 /* LowestCommonAncestor.swift */ = {isa = PBXFileReference; lastKnownFileType = sourcecode.swift; path = LowestCommonAncestor.swift; sourceTree = "<group>"; };
		AB0733D627F9AAFC00DBCB27 /* InvertTree.swift */ = {isa = PBXFileReference; lastKnownFileType = sourcecode.swift; path = InvertTree.swift; sourceTree = "<group>"; };
		AB0733D827F9AC2200DBCB27 /* LowestCommonAncestorSearchTree.swift */ = {isa = PBXFileReference; lastKnownFileType = sourcecode.swift; path = LowestCommonAncestorSearchTree.swift; sourceTree = "<group>"; };
		AB0733DA27F9CEB900DBCB27 /* IsAnagram.swift */ = {isa = PBXFileReference; lastKnownFileType = sourcecode.swift; path = IsAnagram.swift; sourceTree = "<group>"; };
		AB18FB6427F8676E00C507CD /* MyStack.swift */ = {isa = PBXFileReference; lastKnownFileType = sourcecode.swift; path = MyStack.swift; sourceTree = "<group>"; };
		AB1A7C8827E980E600301468 /* TwoSum.swift */ = {isa = PBXFileReference; lastKnownFileType = sourcecode.swift; path = TwoSum.swift; sourceTree = "<group>"; };
		AB1A7C8A27E985C700301468 /* README.md */ = {isa = PBXFileReference; lastKnownFileType = net.daringfireball.markdown; path = README.md; sourceTree = SOURCE_ROOT; };
		AB1A7C8B27E985F800301468 /* AddTwoNumbers.swift */ = {isa = PBXFileReference; lastKnownFileType = sourcecode.swift; path = AddTwoNumbers.swift; sourceTree = "<group>"; };
		AB1A7C9027E9B56D00301468 /* Example2.swift */ = {isa = PBXFileReference; fileEncoding = 4; lastKnownFileType = sourcecode.swift; path = Example2.swift; sourceTree = "<group>"; };
		AB1A7C9127E9B56D00301468 /* Example1.swift */ = {isa = PBXFileReference; fileEncoding = 4; lastKnownFileType = sourcecode.swift; path = Example1.swift; sourceTree = "<group>"; };
		AB1A7C9427E9B57700301468 /* List.swift */ = {isa = PBXFileReference; fileEncoding = 4; lastKnownFileType = sourcecode.swift; path = List.swift; sourceTree = "<group>"; };
		AB1A7C9627E9B6B700301468 /* LengthOfLongestSubstring.swift */ = {isa = PBXFileReference; lastKnownFileType = sourcecode.swift; path = LengthOfLongestSubstring.swift; sourceTree = "<group>"; };
		AB1A7CA127EB377800301468 /* ReverseList.swift */ = {isa = PBXFileReference; lastKnownFileType = sourcecode.swift; path = ReverseList.swift; sourceTree = "<group>"; };
		AB320F5627F15921000746A7 /* IsValid.swift */ = {isa = PBXFileReference; lastKnownFileType = sourcecode.swift; path = IsValid.swift; sourceTree = "<group>"; };
		AB320F5927F16A30000746A7 /* LongestCommonPrefix.swift */ = {isa = PBXFileReference; lastKnownFileType = sourcecode.swift; path = LongestCommonPrefix.swift; sourceTree = "<group>"; };
		AB320F5C27F16C45000746A7 /* String+Extension.swift */ = {isa = PBXFileReference; lastKnownFileType = sourcecode.swift; path = "String+Extension.swift"; sourceTree = "<group>"; };
		AB320F5E27F16C8C000746A7 /* Dictionary+Extension.swift */ = {isa = PBXFileReference; lastKnownFileType = sourcecode.swift; path = "Dictionary+Extension.swift"; sourceTree = "<group>"; };
		AB320F6027F1A3AB000746A7 /* RemoveDuplicates.swift */ = {isa = PBXFileReference; lastKnownFileType = sourcecode.swift; path = RemoveDuplicates.swift; sourceTree = "<group>"; };
		AB4516EE27F85A0C00E84715 /* ContainsDuplicate.swift */ = {isa = PBXFileReference; lastKnownFileType = sourcecode.swift; path = ContainsDuplicate.swift; sourceTree = "<group>"; };
		AB4516F127F8615800E84715 /* ArrayQueue.swift */ = {isa = PBXFileReference; lastKnownFileType = sourcecode.swift; path = ArrayQueue.swift; sourceTree = "<group>"; };
		AB5EEC3727FED81400D954B6 /* LongestPalindrome.swift */ = {isa = PBXFileReference; lastKnownFileType = sourcecode.swift; path = LongestPalindrome.swift; sourceTree = "<group>"; };
		AB5EEC3927FEF7A400D954B6 /* MyAtoi.swift */ = {isa = PBXFileReference; lastKnownFileType = sourcecode.swift; path = MyAtoi.swift; sourceTree = "<group>"; };
		AB6C157927F73B9E0075D733 /* PostorderTraversal.swift */ = {isa = PBXFileReference; lastKnownFileType = sourcecode.swift; path = PostorderTraversal.swift; sourceTree = "<group>"; };
		AB6E177727EC52F200D42FDC /* HasCycle.swift */ = {isa = PBXFileReference; lastKnownFileType = sourcecode.swift; path = HasCycle.swift; sourceTree = "<group>"; };
		AB6E177927EC554E00D42FDC /* MergeTwoLists.swift */ = {isa = PBXFileReference; lastKnownFileType = sourcecode.swift; path = MergeTwoLists.swift; sourceTree = "<group>"; };
		AB6E177B27EC5BA100D42FDC /* RemoveNthFromEnd.swift */ = {isa = PBXFileReference; lastKnownFileType = sourcecode.swift; path = RemoveNthFromEnd.swift; sourceTree = "<group>"; };
		AB6E177D27EC6C5300D42FDC /* MiddleNode.swift */ = {isa = PBXFileReference; lastKnownFileType = sourcecode.swift; path = MiddleNode.swift; sourceTree = "<group>"; };
		AB6E17C327EDBD0600D42FDC /* IsPalindrome.swift */ = {isa = PBXFileReference; lastKnownFileType = sourcecode.swift; path = IsPalindrome.swift; sourceTree = "<group>"; };
		AB6E17C527EDC45D00D42FDC /* ReverseInt.swift */ = {isa = PBXFileReference; lastKnownFileType = sourcecode.swift; path = ReverseInt.swift; sourceTree = "<group>"; };
		AB8023AD27F453AE00029F24 /* RemoveElement.swift */ = {isa = PBXFileReference; lastKnownFileType = sourcecode.swift; path = RemoveElement.swift; sourceTree = "<group>"; };
		AB8023AF27F45BD800029F24 /* LengthOfLastWord.swift */ = {isa = PBXFileReference; lastKnownFileType = sourcecode.swift; path = LengthOfLastWord.swift; sourceTree = "<group>"; };
		AB8023B127F45FDD00029F24 /* PlusOne.swift */ = {isa = PBXFileReference; lastKnownFileType = sourcecode.swift; path = PlusOne.swift; sourceTree = "<group>"; };
		AB8023B327F4669D00029F24 /* AddBinary.swift */ = {isa = PBXFileReference; lastKnownFileType = sourcecode.swift; path = AddBinary.swift; sourceTree = "<group>"; };
		AB8023B527F46AF400029F24 /* MySqrt.swift */ = {isa = PBXFileReference; lastKnownFileType = sourcecode.swift; path = MySqrt.swift; sourceTree = "<group>"; };
		AB8023B727F47EBD00029F24 /* ClimbStairs.swift */ = {isa = PBXFileReference; lastKnownFileType = sourcecode.swift; path = ClimbStairs.swift; sourceTree = "<group>"; };
		AB8023B927F483D700029F24 /* DeleteDuplicates.swift */ = {isa = PBXFileReference; lastKnownFileType = sourcecode.swift; path = DeleteDuplicates.swift; sourceTree = "<group>"; };
		AB8023BB27F48ED300029F24 /* Merge.swift */ = {isa = PBXFileReference; lastKnownFileType = sourcecode.swift; path = Merge.swift; sourceTree = "<group>"; };
		AB8023BE27F497BF00029F24 /* TreeNode.swift */ = {isa = PBXFileReference; lastKnownFileType = sourcecode.swift; path = TreeNode.swift; sourceTree = "<group>"; };
		AB8023C027F498C600029F24 /* InorderTraversal.swift */ = {isa = PBXFileReference; lastKnownFileType = sourcecode.swift; path = InorderTraversal.swift; sourceTree = "<group>"; };
		AB8023C227F4A03000029F24 /* Stack.swift */ = {isa = PBXFileReference; lastKnownFileType = sourcecode.swift; path = Stack.swift; sourceTree = "<group>"; };
		AB96A1D0282C963C006095EF /* MaxSubArray.swift */ = {isa = PBXFileReference; lastKnownFileType = sourcecode.swift; path = MaxSubArray.swift; sourceTree = "<group>"; };
		ABADA3A9283CEB58001EE5F8 /* MinSubArrayLen.swift */ = {isa = PBXFileReference; lastKnownFileType = sourcecode.swift; path = MinSubArrayLen.swift; sourceTree = "<group>"; };
		ABADA3AB283CF510001EE5F8 /* LongestOrderSubArr.swift */ = {isa = PBXFileReference; lastKnownFileType = sourcecode.swift; path = LongestOrderSubArr.swift; sourceTree = "<group>"; };
		ABADA3AD283CF8FF001EE5F8 /* FindNumberIn2DArray.swift */ = {isa = PBXFileReference; lastKnownFileType = sourcecode.swift; path = FindNumberIn2DArray.swift; sourceTree = "<group>"; };
		ABADA3AF283CFF09001EE5F8 /* ReplaceSpace.swift */ = {isa = PBXFileReference; lastKnownFileType = sourcecode.swift; path = ReplaceSpace.swift; sourceTree = "<group>"; };
		ABADA3B1283D05F7001EE5F8 /* ReversePrint.swift */ = {isa = PBXFileReference; lastKnownFileType = sourcecode.swift; path = ReversePrint.swift; sourceTree = "<group>"; };
		ABADA3B3283D06F1001EE5F8 /* BuildTree.swift */ = {isa = PBXFileReference; lastKnownFileType = sourcecode.swift; path = BuildTree.swift; sourceTree = "<group>"; };
		ABADA3B5283D2498001EE5F8 /* BuildTree.png */ = {isa = PBXFileReference; lastKnownFileType = image.png; path = BuildTree.png; sourceTree = "<group>"; };
		ABADA3B7283D2A46001EE5F8 /* ValidateStackSequences.swift */ = {isa = PBXFileReference; lastKnownFileType = sourcecode.swift; path = ValidateStackSequences.swift; sourceTree = "<group>"; };
		ABADA3B9283D30F1001EE5F8 /* LevelOrderII.swift */ = {isa = PBXFileReference; lastKnownFileType = sourcecode.swift; path = LevelOrderII.swift; sourceTree = "<group>"; };
		ABADA3BB283D35D5001EE5F8 /* MajorityElement.swift */ = {isa = PBXFileReference; lastKnownFileType = sourcecode.swift; path = MajorityElement.swift; sourceTree = "<group>"; };
		ABADA3BD283D3787001EE5F8 /* IsBalanced.swift */ = {isa = PBXFileReference; lastKnownFileType = sourcecode.swift; path = IsBalanced.swift; sourceTree = "<group>"; };
		ABB4CF7027F83BC6005B80E9 /* IsSameTree.swift */ = {isa = PBXFileReference; lastKnownFileType = sourcecode.swift; path = IsSameTree.swift; sourceTree = "<group>"; };
		ABB4CF7227F83D6A005B80E9 /* IsSymmetric.swift */ = {isa = PBXFileReference; lastKnownFileType = sourcecode.swift; path = IsSymmetric.swift; sourceTree = "<group>"; };
		ABC638CC27F84AE700439050 /* MaxDepth.swift */ = {isa = PBXFileReference; lastKnownFileType = sourcecode.swift; path = MaxDepth.swift; sourceTree = "<group>"; };
		ABCB445F27F54CFD00A04396 /* PreorderTraversal.swift */ = {isa = PBXFileReference; lastKnownFileType = sourcecode.swift; path = PreorderTraversal.swift; sourceTree = "<group>"; };
		ABCB446127F5574200A04396 /* ArrayStack.swift */ = {isa = PBXFileReference; lastKnownFileType = sourcecode.swift; path = ArrayStack.swift; sourceTree = "<group>"; };
		ABD5CAC628300140004CBEF2 /* CountSubstrings.swift */ = {isa = PBXFileReference; lastKnownFileType = sourcecode.swift; path = CountSubstrings.swift; sourceTree = "<group>"; };
		ABD5CAC828300915004CBEF2 /* SumNums.swift */ = {isa = PBXFileReference; lastKnownFileType = sourcecode.swift; path = SumNums.swift; sourceTree = "<group>"; };
		ABD5CACA283136DD004CBEF2 /* ThousandSeparator.swift */ = {isa = PBXFileReference; lastKnownFileType = sourcecode.swift; path = ThousandSeparator.swift; sourceTree = "<group>"; };
		ABD5CACC28313DF6004CBEF2 /* DetectCycle.swift */ = {isa = PBXFileReference; lastKnownFileType = sourcecode.swift; path = DetectCycle.swift; sourceTree = "<group>"; };
		ABD5CACE28314472004CBEF2 /* FindRepeatNumber.swift */ = {isa = PBXFileReference; lastKnownFileType = sourcecode.swift; path = FindRepeatNumber.swift; sourceTree = "<group>"; };
		ABD5CAD028314C44004CBEF2 /* MyQueue.swift */ = {isa = PBXFileReference; lastKnownFileType = sourcecode.swift; path = MyQueue.swift; sourceTree = "<group>"; };
		ABD5CAD228315269004CBEF2 /* NumWays.swift */ = {isa = PBXFileReference; lastKnownFileType = sourcecode.swift; path = NumWays.swift; sourceTree = "<group>"; };
		ABD5CAD428315348004CBEF2 /* MinArray.swift */ = {isa = PBXFileReference; lastKnownFileType = sourcecode.swift; path = MinArray.swift; sourceTree = "<group>"; };
		ABD5CAD628315690004CBEF2 /* DeleteNode.swift */ = {isa = PBXFileReference; lastKnownFileType = sourcecode.swift; path = DeleteNode.swift; sourceTree = "<group>"; };
		ABD5CAD828315C6D004CBEF2 /* IsSubStructure.swift */ = {isa = PBXFileReference; lastKnownFileType = sourcecode.swift; path = IsSubStructure.swift; sourceTree = "<group>"; };
		ABD5CADA28315E8B004CBEF2 /* MirrorTree.swift */ = {isa = PBXFileReference; lastKnownFileType = sourcecode.swift; path = MirrorTree.swift; sourceTree = "<group>"; };
		ABD5CADC283163AE004CBEF2 /* LevelOrder.swift */ = {isa = PBXFileReference; lastKnownFileType = sourcecode.swift; path = LevelOrder.swift; sourceTree = "<group>"; };
		ABD5CADE28316534004CBEF2 /* VerifyPostorder.swift */ = {isa = PBXFileReference; lastKnownFileType = sourcecode.swift; path = VerifyPostorder.swift; sourceTree = "<group>"; };
		ABD5CAE0283165D8004CBEF2 /* Permutation.swift */ = {isa = PBXFileReference; lastKnownFileType = sourcecode.swift; path = Permutation.swift; sourceTree = "<group>"; };
		ABD5CAE22831D30A004CBEF2 /* GetIntersectionNode.swift */ = {isa = PBXFileReference; lastKnownFileType = sourcecode.swift; path = GetIntersectionNode.swift; sourceTree = "<group>"; };
		ABD5CAE42831D8D2004CBEF2 /* MinNumber.swift */ = {isa = PBXFileReference; lastKnownFileType = sourcecode.swift; path = MinNumber.swift; sourceTree = "<group>"; };
		ABD5CAE62831DDA2004CBEF2 /* NthUglyNumber.swift */ = {isa = PBXFileReference; lastKnownFileType = sourcecode.swift; path = NthUglyNumber.swift; sourceTree = "<group>"; };
		ABD5CAE82831F09A004CBEF2 /* Trap.swift */ = {isa = PBXFileReference; lastKnownFileType = sourcecode.swift; path = Trap.swift; sourceTree = "<group>"; };
		ABF9C79827FFE91C00A7D606 /* ThreeSum.swift */ = {isa = PBXFileReference; lastKnownFileType = sourcecode.swift; path = ThreeSum.swift; sourceTree = "<group>"; };
		ABFF2148271439BB000AF0E7 /* LeetCode */ = {isa = PBXFileReference; explicitFileType = "compiled.mach-o.executable"; includeInIndex = 0; path = LeetCode; sourceTree = BUILT_PRODUCTS_DIR; };
		ABFF214B271439BB000AF0E7 /* main.swift */ = {isa = PBXFileReference; lastKnownFileType = sourcecode.swift; path = main.swift; sourceTree = "<group>"; };
		ABFF215227144FF4000AF0E7 /* ListNode.swift */ = {isa = PBXFileReference; lastKnownFileType = sourcecode.swift; path = ListNode.swift; sourceTree = "<group>"; };
		ABFF2158271452B8000AF0E7 /* Easy.swift */ = {isa = PBXFileReference; lastKnownFileType = sourcecode.swift; path = Easy.swift; sourceTree = "<group>"; };
/* End PBXFileReference section */

/* Begin PBXFrameworksBuildPhase section */
		ABFF2145271439BB000AF0E7 /* Frameworks */ = {
			isa = PBXFrameworksBuildPhase;
			buildActionMask = 2147483647;
			files = (
			);
			runOnlyForDeploymentPostprocessing = 0;
		};
/* End PBXFrameworksBuildPhase section */

/* Begin PBXGroup section */
		AB1A7C8D27E9865000301468 /* Easy */ = {
			isa = PBXGroup;
			children = (
				AB1A7C8827E980E600301468 /* TwoSum.swift */,
				AB1A7C8B27E985F800301468 /* AddTwoNumbers.swift */,
				AB1A7C9627E9B6B700301468 /* LengthOfLongestSubstring.swift */,
				AB6E17C327EDBD0600D42FDC /* IsPalindrome.swift */,
				AB6E17C527EDC45D00D42FDC /* ReverseInt.swift */,
				AB320F5627F15921000746A7 /* IsValid.swift */,
				AB320F5927F16A30000746A7 /* LongestCommonPrefix.swift */,
				AB320F6027F1A3AB000746A7 /* RemoveDuplicates.swift */,
				AB8023AD27F453AE00029F24 /* RemoveElement.swift */,
				AB8023AF27F45BD800029F24 /* LengthOfLastWord.swift */,
				AB8023B127F45FDD00029F24 /* PlusOne.swift */,
				AB8023B327F4669D00029F24 /* AddBinary.swift */,
				AB8023B527F46AF400029F24 /* MySqrt.swift */,
				AB8023B727F47EBD00029F24 /* ClimbStairs.swift */,
				AB8023B927F483D700029F24 /* DeleteDuplicates.swift */,
				AB8023BB27F48ED300029F24 /* Merge.swift */,
				AB4516EE27F85A0C00E84715 /* ContainsDuplicate.swift */,
				AB0733DA27F9CEB900DBCB27 /* IsAnagram.swift */,
				AB96A1D0282C963C006095EF /* MaxSubArray.swift */,
				ABD5CACA283136DD004CBEF2 /* ThousandSeparator.swift */,
			);
			path = Easy;
			sourceTree = "<group>";
		};
		AB1A7C8E27E9866A00301468 /* Middle */ = {
			isa = PBXGroup;
			children = (
				AB5EEC3727FED81400D954B6 /* LongestPalindrome.swift */,
				AB5EEC3927FEF7A400D954B6 /* MyAtoi.swift */,
				ABF9C79827FFE91C00A7D606 /* ThreeSum.swift */,
				ABD5CAE62831DDA2004CBEF2 /* NthUglyNumber.swift */,
				ABADA3A9283CEB58001EE5F8 /* MinSubArrayLen.swift */,
			);
			path = Middle;
			sourceTree = "<group>";
		};
		AB1A7C8F27E9867300301468 /* Hard */ = {
			isa = PBXGroup;
			children = (
				ABD5CAE82831F09A004CBEF2 /* Trap.swift */,
			);
			path = Hard;
			sourceTree = "<group>";
		};
		AB1A7C9827E9B99E00301468 /* ListNode */ = {
			isa = PBXGroup;
			children = (
				ABFF215227144FF4000AF0E7 /* ListNode.swift */,
				AB1A7CA127EB377800301468 /* ReverseList.swift */,
				AB6E177727EC52F200D42FDC /* HasCycle.swift */,
				AB6E177927EC554E00D42FDC /* MergeTwoLists.swift */,
				AB6E177B27EC5BA100D42FDC /* RemoveNthFromEnd.swift */,
				AB6E177D27EC6C5300D42FDC /* MiddleNode.swift */,
				ABD5CACC28313DF6004CBEF2 /* DetectCycle.swift */,
				ABD5CAD628315690004CBEF2 /* DeleteNode.swift */,
				ABD5CAE22831D30A004CBEF2 /* GetIntersectionNode.swift */,
			);
			path = ListNode;
			sourceTree = "<group>";
		};
		AB320F5827F160AA000746A7 /* Stack */ = {
			isa = PBXGroup;
			children = (
				AB8023C227F4A03000029F24 /* Stack.swift */,
				ABCB446127F5574200A04396 /* ArrayStack.swift */,
				AB18FB6427F8676E00C507CD /* MyStack.swift */,
			);
			path = Stack;
			sourceTree = "<group>";
		};
		AB320F5B27F16C2C000746A7 /* Extension */ = {
			isa = PBXGroup;
			children = (
				AB320F5C27F16C45000746A7 /* String+Extension.swift */,
				AB320F5E27F16C8C000746A7 /* Dictionary+Extension.swift */,
			);
			path = Extension;
			sourceTree = "<group>";
		};
		AB4516F027F8614600E84715 /* Queue */ = {
			isa = PBXGroup;
			children = (
				AB4516F127F8615800E84715 /* ArrayQueue.swift */,
			);
			path = Queue;
			sourceTree = "<group>";
		};
		AB8023BD27F497A900029F24 /* Tree */ = {
			isa = PBXGroup;
			children = (
				AB8023BE27F497BF00029F24 /* TreeNode.swift */,
				ABCB445F27F54CFD00A04396 /* PreorderTraversal.swift */,
				AB8023C027F498C600029F24 /* InorderTraversal.swift */,
				AB6C157927F73B9E0075D733 /* PostorderTraversal.swift */,
				ABB4CF7027F83BC6005B80E9 /* IsSameTree.swift */,
				ABB4CF7227F83D6A005B80E9 /* IsSymmetric.swift */,
				ABC638CC27F84AE700439050 /* MaxDepth.swift */,
				AB0733D427F9A8DE00DBCB27 /* LowestCommonAncestor.swift */,
				AB0733D827F9AC2200DBCB27 /* LowestCommonAncestorSearchTree.swift */,
				AB0733D627F9AAFC00DBCB27 /* InvertTree.swift */,
				ABD5CAD828315C6D004CBEF2 /* IsSubStructure.swift */,
				ABD5CADA28315E8B004CBEF2 /* MirrorTree.swift */,
				ABD5CADC283163AE004CBEF2 /* LevelOrder.swift */,
				ABADA3B9283D30F1001EE5F8 /* LevelOrderII.swift */,
				ABD5CADE28316534004CBEF2 /* VerifyPostorder.swift */,
				ABD5CAE0283165D8004CBEF2 /* Permutation.swift */,
				ABADA3B3283D06F1001EE5F8 /* BuildTree.swift */,
				ABADA3BD283D3787001EE5F8 /* IsBalanced.swift */,
			);
			path = Tree;
			sourceTree = "<group>";
		};
		ABADA3B6283D249B001EE5F8 /* Bundle */ = {
			isa = PBXGroup;
			children = (
				ABADA3B5283D2498001EE5F8 /* BuildTree.png */,
			);
			path = Bundle;
			sourceTree = "<group>";
		};
		ABD5CAC528300124004CBEF2 /* 剑指Offer */ = {
			isa = PBXGroup;
			children = (
				ABD5CAC628300140004CBEF2 /* CountSubstrings.swift */,
				ABD5CAC828300915004CBEF2 /* SumNums.swift */,
				ABD5CACE28314472004CBEF2 /* FindRepeatNumber.swift */,
				ABD5CAD028314C44004CBEF2 /* MyQueue.swift */,
				ABD5CAD228315269004CBEF2 /* NumWays.swift */,
				ABD5CAD428315348004CBEF2 /* MinArray.swift */,
				ABD5CAE42831D8D2004CBEF2 /* MinNumber.swift */,
				ABADA3AD283CF8FF001EE5F8 /* FindNumberIn2DArray.swift */,
				ABADA3AF283CFF09001EE5F8 /* ReplaceSpace.swift */,
				ABADA3B1283D05F7001EE5F8 /* ReversePrint.swift */,
				ABADA3B7283D2A46001EE5F8 /* ValidateStackSequences.swift */,
				ABADA3BB283D35D5001EE5F8 /* MajorityElement.swift */,
			);
			path = "剑指Offer";
			sourceTree = "<group>";
		};
		ABE52EDA282374F1003C773E /* Test */ = {
			isa = PBXGroup;
			children = (
				ABADA3AB283CF510001EE5F8 /* LongestOrderSubArr.swift */,
			);
			path = Test;
			sourceTree = "<group>";
		};
		ABFF213F271439BB000AF0E7 = {
			isa = PBXGroup;
			children = (
				ABADA3B6283D249B001EE5F8 /* Bundle */,
				AB1A7C8A27E985C700301468 /* README.md */,
				ABFF214B271439BB000AF0E7 /* main.swift */,
				ABFF214A271439BB000AF0E7 /* LeetCode */,
				ABFF2149271439BB000AF0E7 /* Products */,
			);
			sourceTree = "<group>";
		};
		ABFF2149271439BB000AF0E7 /* Products */ = {
			isa = PBXGroup;
			children = (
				ABFF2148271439BB000AF0E7 /* LeetCode */,
			);
			name = Products;
			sourceTree = "<group>";
		};
		ABFF214A271439BB000AF0E7 /* LeetCode */ = {
			isa = PBXGroup;
			children = (
				ABE52EDA282374F1003C773E /* Test */,
				ABD5CAC528300124004CBEF2 /* 剑指Offer */,
				AB4516F027F8614600E84715 /* Queue */,
				AB8023BD27F497A900029F24 /* Tree */,
				AB320F5B27F16C2C000746A7 /* Extension */,
				AB320F5827F160AA000746A7 /* Stack */,
				AB1A7C9827E9B99E00301468 /* ListNode */,
				AB1A7C8D27E9865000301468 /* Easy */,
				AB1A7C8E27E9866A00301468 /* Middle */,
				AB1A7C8F27E9867300301468 /* Hard */,
				AB1A7C9427E9B57700301468 /* List.swift */,
				AB1A7C9127E9B56D00301468 /* Example1.swift */,
				AB1A7C9027E9B56D00301468 /* Example2.swift */,
				ABFF2158271452B8000AF0E7 /* Easy.swift */,
			);
			path = LeetCode;
			sourceTree = "<group>";
		};
/* End PBXGroup section */

/* Begin PBXNativeTarget section */
		ABFF2147271439BB000AF0E7 /* LeetCode */ = {
			isa = PBXNativeTarget;
			buildConfigurationList = ABFF214F271439BB000AF0E7 /* Build configuration list for PBXNativeTarget "LeetCode" */;
			buildPhases = (
				ABFF2144271439BB000AF0E7 /* Sources */,
				ABFF2145271439BB000AF0E7 /* Frameworks */,
				ABFF2146271439BB000AF0E7 /* CopyFiles */,
			);
			buildRules = (
			);
			dependencies = (
			);
			name = LeetCode;
			productName = LeetCode;
			productReference = ABFF2148271439BB000AF0E7 /* LeetCode */;
			productType = "com.apple.product-type.tool";
		};
/* End PBXNativeTarget section */

/* Begin PBXProject section */
		ABFF2140271439BB000AF0E7 /* Project object */ = {
			isa = PBXProject;
			attributes = {
				LastSwiftUpdateCheck = 1250;
				LastUpgradeCheck = 1250;
				TargetAttributes = {
					ABFF2147271439BB000AF0E7 = {
						CreatedOnToolsVersion = 12.5;
					};
				};
			};
			buildConfigurationList = ABFF2143271439BB000AF0E7 /* Build configuration list for PBXProject "LeetCode" */;
			compatibilityVersion = "Xcode 9.3";
			developmentRegion = en;
			hasScannedForEncodings = 0;
			knownRegions = (
				en,
				Base,
			);
			mainGroup = ABFF213F271439BB000AF0E7;
			productRefGroup = ABFF2149271439BB000AF0E7 /* Products */;
			projectDirPath = "";
			projectRoot = "";
			targets = (
				ABFF2147271439BB000AF0E7 /* LeetCode */,
			);
		};
/* End PBXProject section */

/* Begin PBXSourcesBuildPhase section */
		ABFF2144271439BB000AF0E7 /* Sources */ = {
			isa = PBXSourcesBuildPhase;
			buildActionMask = 2147483647;
			files = (
				ABADA3AC283CF510001EE5F8 /* LongestOrderSubArr.swift in Sources */,
				AB6E17C427EDBD0600D42FDC /* IsPalindrome.swift in Sources */,
				ABCB446027F54CFD00A04396 /* PreorderTraversal.swift in Sources */,
				AB6E177827EC52F200D42FDC /* HasCycle.swift in Sources */,
				AB8023AE27F453AE00029F24 /* RemoveElement.swift in Sources */,
				ABADA3BC283D35D5001EE5F8 /* MajorityElement.swift in Sources */,
				ABD5CAE72831DDA2004CBEF2 /* NthUglyNumber.swift in Sources */,
				ABADA3B2283D05F7001EE5F8 /* ReversePrint.swift in Sources */,
				ABD5CAC928300915004CBEF2 /* SumNums.swift in Sources */,
				AB6E17C627EDC45D00D42FDC /* ReverseInt.swift in Sources */,
				AB320F5D27F16C45000746A7 /* String+Extension.swift in Sources */,
				ABF9C79927FFE91C00A7D606 /* ThreeSum.swift in Sources */,
				AB6E177C27EC5BA100D42FDC /* RemoveNthFromEnd.swift in Sources */,
				ABD5CAE52831D8D2004CBEF2 /* MinNumber.swift in Sources */,
				AB0733DB27F9CEB900DBCB27 /* IsAnagram.swift in Sources */,
				AB6C157A27F73B9E0075D733 /* PostorderTraversal.swift in Sources */,
				ABD5CADD283163AE004CBEF2 /* LevelOrder.swift in Sources */,
				AB320F5727F15921000746A7 /* IsValid.swift in Sources */,
				AB8023B427F4669D00029F24 /* AddBinary.swift in Sources */,
				AB1A7C8927E980E600301468 /* TwoSum.swift in Sources */,
				ABCB446227F5574200A04396 /* ArrayStack.swift in Sources */,
				AB4516EF27F85A0C00E84715 /* ContainsDuplicate.swift in Sources */,
				ABD5CAE32831D30A004CBEF2 /* GetIntersectionNode.swift in Sources */,
				AB5EEC3827FED81400D954B6 /* LongestPalindrome.swift in Sources */,
				ABD5CAD328315269004CBEF2 /* NumWays.swift in Sources */,
				ABD5CAD728315690004CBEF2 /* DeleteNode.swift in Sources */,
				AB1A7C9527E9B57800301468 /* List.swift in Sources */,
				AB8023BA27F483D700029F24 /* DeleteDuplicates.swift in Sources */,
				ABD5CAD128314C44004CBEF2 /* MyQueue.swift in Sources */,
				AB18FB6527F8676E00C507CD /* MyStack.swift in Sources */,
				AB6E177E27EC6C5300D42FDC /* MiddleNode.swift in Sources */,
				AB6E177A27EC554E00D42FDC /* MergeTwoLists.swift in Sources */,
				ABC638CD27F84AE700439050 /* MaxDepth.swift in Sources */,
				AB1A7C9327E9B56D00301468 /* Example1.swift in Sources */,
				ABD5CAC728300140004CBEF2 /* CountSubstrings.swift in Sources */,
				AB1A7C9227E9B56D00301468 /* Example2.swift in Sources */,
				ABFF214C271439BB000AF0E7 /* main.swift in Sources */,
				AB1A7C8C27E985F800301468 /* AddTwoNumbers.swift in Sources */,
				AB320F5A27F16A30000746A7 /* LongestCommonPrefix.swift in Sources */,
				ABD5CADF28316534004CBEF2 /* VerifyPostorder.swift in Sources */,
				ABFF215327144FF4000AF0E7 /* ListNode.swift in Sources */,
				ABB4CF7327F83D6A005B80E9 /* IsSymmetric.swift in Sources */,
				ABADA3BA283D30F1001EE5F8 /* LevelOrderII.swift in Sources */,
				ABFF2159271452B8000AF0E7 /* Easy.swift in Sources */,
				ABD5CAD528315348004CBEF2 /* MinArray.swift in Sources */,
				AB8023BC27F48ED300029F24 /* Merge.swift in Sources */,
				AB96A1D1282C963C006095EF /* MaxSubArray.swift in Sources */,
				ABADA3B8283D2A46001EE5F8 /* ValidateStackSequences.swift in Sources */,
				AB0733D927F9AC2200DBCB27 /* LowestCommonAncestorSearchTree.swift in Sources */,
				ABADA3B0283CFF09001EE5F8 /* ReplaceSpace.swift in Sources */,
				ABADA3B4283D06F1001EE5F8 /* BuildTree.swift in Sources */,
				AB8023B627F46AF400029F24 /* MySqrt.swift in Sources */,
				AB0733D527F9A8DE00DBCB27 /* LowestCommonAncestor.swift in Sources */,
				ABB4CF7127F83BC6005B80E9 /* IsSameTree.swift in Sources */,
				AB1A7CA227EB377800301468 /* ReverseList.swift in Sources */,
				AB8023BF27F497BF00029F24 /* TreeNode.swift in Sources */,
				ABD5CACD28313DF6004CBEF2 /* DetectCycle.swift in Sources */,
				AB4516F227F8615800E84715 /* ArrayQueue.swift in Sources */,
				ABD5CAD928315C6D004CBEF2 /* IsSubStructure.swift in Sources */,
				AB1A7C9727E9B6B700301468 /* LengthOfLongestSubstring.swift in Sources */,
				AB8023C127F498C600029F24 /* InorderTraversal.swift in Sources */,
				AB8023B827F47EBD00029F24 /* ClimbStairs.swift in Sources */,
				AB8023B027F45BD800029F24 /* LengthOfLastWord.swift in Sources */,
				ABADA3BE283D3787001EE5F8 /* IsBalanced.swift in Sources */,
				AB5EEC3A27FEF7A400D954B6 /* MyAtoi.swift in Sources */,
				AB8023C327F4A03000029F24 /* Stack.swift in Sources */,
				AB320F6127F1A3AB000746A7 /* RemoveDuplicates.swift in Sources */,
				ABADA3AE283CF8FF001EE5F8 /* FindNumberIn2DArray.swift in Sources */,
				ABD5CAE1283165D8004CBEF2 /* Permutation.swift in Sources */,
				AB8023B227F45FDD00029F24 /* PlusOne.swift in Sources */,
				ABD5CAE92831F09A004CBEF2 /* Trap.swift in Sources */,
				ABD5CACF28314472004CBEF2 /* FindRepeatNumber.swift in Sources */,
				ABADA3AA283CEB58001EE5F8 /* MinSubArrayLen.swift in Sources */,
				AB320F5F27F16C8C000746A7 /* Dictionary+Extension.swift in Sources */,
				ABD5CACB283136DD004CBEF2 /* ThousandSeparator.swift in Sources */,
				ABD5CADB28315E8B004CBEF2 /* MirrorTree.swift in Sources */,
				AB0733D727F9AAFC00DBCB27 /* InvertTree.swift in Sources */,
			);
			runOnlyForDeploymentPostprocessing = 0;
		};
/* End PBXSourcesBuildPhase section */

/* Begin XCBuildConfiguration section */
		ABFF214D271439BB000AF0E7 /* Debug */ = {
			isa = XCBuildConfiguration;
			buildSettings = {
				ALWAYS_SEARCH_USER_PATHS = NO;
				CLANG_ANALYZER_NONNULL = YES;
				CLANG_ANALYZER_NUMBER_OBJECT_CONVERSION = YES_AGGRESSIVE;
				CLANG_CXX_LANGUAGE_STANDARD = "gnu++14";
				CLANG_CXX_LIBRARY = "libc++";
				CLANG_ENABLE_MODULES = YES;
				CLANG_ENABLE_OBJC_ARC = YES;
				CLANG_ENABLE_OBJC_WEAK = YES;
				CLANG_WARN_BLOCK_CAPTURE_AUTORELEASING = YES;
				CLANG_WARN_BOOL_CONVERSION = YES;
				CLANG_WARN_COMMA = YES;
				CLANG_WARN_CONSTANT_CONVERSION = YES;
				CLANG_WARN_DEPRECATED_OBJC_IMPLEMENTATIONS = YES;
				CLANG_WARN_DIRECT_OBJC_ISA_USAGE = YES_ERROR;
				CLANG_WARN_DOCUMENTATION_COMMENTS = YES;
				CLANG_WARN_EMPTY_BODY = YES;
				CLANG_WARN_ENUM_CONVERSION = YES;
				CLANG_WARN_INFINITE_RECURSION = YES;
				CLANG_WARN_INT_CONVERSION = YES;
				CLANG_WARN_NON_LITERAL_NULL_CONVERSION = YES;
				CLANG_WARN_OBJC_IMPLICIT_RETAIN_SELF = YES;
				CLANG_WARN_OBJC_LITERAL_CONVERSION = YES;
				CLANG_WARN_OBJC_ROOT_CLASS = YES_ERROR;
				CLANG_WARN_QUOTED_INCLUDE_IN_FRAMEWORK_HEADER = YES;
				CLANG_WARN_RANGE_LOOP_ANALYSIS = YES;
				CLANG_WARN_STRICT_PROTOTYPES = YES;
				CLANG_WARN_SUSPICIOUS_MOVE = YES;
				CLANG_WARN_UNGUARDED_AVAILABILITY = YES_AGGRESSIVE;
				CLANG_WARN_UNREACHABLE_CODE = YES;
				CLANG_WARN__DUPLICATE_METHOD_MATCH = YES;
				COPY_PHASE_STRIP = NO;
				DEBUG_INFORMATION_FORMAT = dwarf;
				ENABLE_STRICT_OBJC_MSGSEND = YES;
				ENABLE_TESTABILITY = YES;
				GCC_C_LANGUAGE_STANDARD = gnu11;
				GCC_DYNAMIC_NO_PIC = NO;
				GCC_NO_COMMON_BLOCKS = YES;
				GCC_OPTIMIZATION_LEVEL = 0;
				GCC_PREPROCESSOR_DEFINITIONS = (
					"DEBUG=1",
					"$(inherited)",
				);
				GCC_WARN_64_TO_32_BIT_CONVERSION = YES;
				GCC_WARN_ABOUT_RETURN_TYPE = YES_ERROR;
				GCC_WARN_UNDECLARED_SELECTOR = YES;
				GCC_WARN_UNINITIALIZED_AUTOS = YES_AGGRESSIVE;
				GCC_WARN_UNUSED_FUNCTION = YES;
				GCC_WARN_UNUSED_VARIABLE = YES;
				MACOSX_DEPLOYMENT_TARGET = 11.3;
				MTL_ENABLE_DEBUG_INFO = INCLUDE_SOURCE;
				MTL_FAST_MATH = YES;
				ONLY_ACTIVE_ARCH = YES;
				SDKROOT = macosx;
				SWIFT_ACTIVE_COMPILATION_CONDITIONS = DEBUG;
				SWIFT_OPTIMIZATION_LEVEL = "-Onone";
			};
			name = Debug;
		};
		ABFF214E271439BB000AF0E7 /* Release */ = {
			isa = XCBuildConfiguration;
			buildSettings = {
				ALWAYS_SEARCH_USER_PATHS = NO;
				CLANG_ANALYZER_NONNULL = YES;
				CLANG_ANALYZER_NUMBER_OBJECT_CONVERSION = YES_AGGRESSIVE;
				CLANG_CXX_LANGUAGE_STANDARD = "gnu++14";
				CLANG_CXX_LIBRARY = "libc++";
				CLANG_ENABLE_MODULES = YES;
				CLANG_ENABLE_OBJC_ARC = YES;
				CLANG_ENABLE_OBJC_WEAK = YES;
				CLANG_WARN_BLOCK_CAPTURE_AUTORELEASING = YES;
				CLANG_WARN_BOOL_CONVERSION = YES;
				CLANG_WARN_COMMA = YES;
				CLANG_WARN_CONSTANT_CONVERSION = YES;
				CLANG_WARN_DEPRECATED_OBJC_IMPLEMENTATIONS = YES;
				CLANG_WARN_DIRECT_OBJC_ISA_USAGE = YES_ERROR;
				CLANG_WARN_DOCUMENTATION_COMMENTS = YES;
				CLANG_WARN_EMPTY_BODY = YES;
				CLANG_WARN_ENUM_CONVERSION = YES;
				CLANG_WARN_INFINITE_RECURSION = YES;
				CLANG_WARN_INT_CONVERSION = YES;
				CLANG_WARN_NON_LITERAL_NULL_CONVERSION = YES;
				CLANG_WARN_OBJC_IMPLICIT_RETAIN_SELF = YES;
				CLANG_WARN_OBJC_LITERAL_CONVERSION = YES;
				CLANG_WARN_OBJC_ROOT_CLASS = YES_ERROR;
				CLANG_WARN_QUOTED_INCLUDE_IN_FRAMEWORK_HEADER = YES;
				CLANG_WARN_RANGE_LOOP_ANALYSIS = YES;
				CLANG_WARN_STRICT_PROTOTYPES = YES;
				CLANG_WARN_SUSPICIOUS_MOVE = YES;
				CLANG_WARN_UNGUARDED_AVAILABILITY = YES_AGGRESSIVE;
				CLANG_WARN_UNREACHABLE_CODE = YES;
				CLANG_WARN__DUPLICATE_METHOD_MATCH = YES;
				COPY_PHASE_STRIP = NO;
				DEBUG_INFORMATION_FORMAT = "dwarf-with-dsym";
				ENABLE_NS_ASSERTIONS = NO;
				ENABLE_STRICT_OBJC_MSGSEND = YES;
				GCC_C_LANGUAGE_STANDARD = gnu11;
				GCC_NO_COMMON_BLOCKS = YES;
				GCC_WARN_64_TO_32_BIT_CONVERSION = YES;
				GCC_WARN_ABOUT_RETURN_TYPE = YES_ERROR;
				GCC_WARN_UNDECLARED_SELECTOR = YES;
				GCC_WARN_UNINITIALIZED_AUTOS = YES_AGGRESSIVE;
				GCC_WARN_UNUSED_FUNCTION = YES;
				GCC_WARN_UNUSED_VARIABLE = YES;
				MACOSX_DEPLOYMENT_TARGET = 11.3;
				MTL_ENABLE_DEBUG_INFO = NO;
				MTL_FAST_MATH = YES;
				SDKROOT = macosx;
				SWIFT_COMPILATION_MODE = wholemodule;
				SWIFT_OPTIMIZATION_LEVEL = "-O";
			};
			name = Release;
		};
		ABFF2150271439BB000AF0E7 /* Debug */ = {
			isa = XCBuildConfiguration;
			buildSettings = {
				CODE_SIGN_STYLE = Automatic;
				DEVELOPMENT_TEAM = ZWB985PQRH;
				ENABLE_HARDENED_RUNTIME = YES;
				PRODUCT_NAME = "$(TARGET_NAME)";
				SWIFT_VERSION = 5.0;
			};
			name = Debug;
		};
		ABFF2151271439BB000AF0E7 /* Release */ = {
			isa = XCBuildConfiguration;
			buildSettings = {
				CODE_SIGN_STYLE = Automatic;
				DEVELOPMENT_TEAM = ZWB985PQRH;
				ENABLE_HARDENED_RUNTIME = YES;
				PRODUCT_NAME = "$(TARGET_NAME)";
				SWIFT_VERSION = 5.0;
			};
			name = Release;
		};
/* End XCBuildConfiguration section */

/* Begin XCConfigurationList section */
		ABFF2143271439BB000AF0E7 /* Build configuration list for PBXProject "LeetCode" */ = {
			isa = XCConfigurationList;
			buildConfigurations = (
				ABFF214D271439BB000AF0E7 /* Debug */,
				ABFF214E271439BB000AF0E7 /* Release */,
			);
			defaultConfigurationIsVisible = 0;
			defaultConfigurationName = Release;
		};
		ABFF214F271439BB000AF0E7 /* Build configuration list for PBXNativeTarget "LeetCode" */ = {
			isa = XCConfigurationList;
			buildConfigurations = (
				ABFF2150271439BB000AF0E7 /* Debug */,
				ABFF2151271439BB000AF0E7 /* Release */,
			);
			defaultConfigurationIsVisible = 0;
			defaultConfigurationName = Release;
		};
/* End XCConfigurationList section */
	};
	rootObject = ABFF2140271439BB000AF0E7 /* Project object */;
}
